
Microsoft Visual Studio Solution File, Format Version 12.00
# Visual Studio Version 17
VisualStudioVersion = 17.8.34330.188
MinimumVisualStudioVersion = 10.0.40219.1
Project("{FAE04EC0-301F-11D3-BF4B-00C04F79EFBC}") = "server", "WindowsFormsApp1\server.csproj", "{768867AB-E64F-40D5-ACE4-35A27E596335}"
EndProject
Global
	GlobalSection(SolutionConfigurationPlatforms) = preSolution
		Debug|Any CPU = Debug|Any CPU
		Release|Any CPU = Release|Any CPU
	EndGlobalSection
	GlobalSection(ProjectConfigurationPlatforms) = postSolution
		{768867AB-E64F-40D5-ACE4-35A27E596335}.Debug|Any CPU.ActiveCfg = Debug|Any CPU
		{768867AB-E64F-40D5-ACE4-35A27E596335}.Debug|Any CPU.Build.0 = Debug|Any CPU
		{768867AB-E64F-40D5-ACE4-35A27E596335}.Release|Any CPU.ActiveCfg = Release|Any CPU
		{768867AB-E64F-40D5-ACE4-35A27E596335}.Release|Any CPU.Build.0 = Release|Any CPU
	EndGlobalSection
	GlobalSection(SolutionProperties) = preSolution
		HideSolutionNode = FALSE
	EndGlobalSection
	GlobalSection(ExtensibilityGlobals) = postSolution
		SolutionGuid = {2D6CBD03-1D03-42D7-B140-49A5E88BAF5B}
	EndGlobalSection
EndGlobal
