
Microsoft Visual Studio Solution File, Format Version 12.00
# Visual Studio Version 17
VisualStudioVersion = 17.8.34330.188
MinimumVisualStudioVersion = 10.0.40219.1
Project("{FAE04EC0-301F-11D3-BF4B-00C04F79EFBC}") = "App_Chat", "App_Chat\App_Chat.csproj", "{AC149EC6-1FBE-4439-8928-5D14C05C41F7}"
EndProject
Global
	GlobalSection(SolutionConfigurationPlatforms) = preSolution
		Debug|Any CPU = Debug|Any CPU
		Release|Any CPU = Release|Any CPU
	EndGlobalSection
	GlobalSection(ProjectConfigurationPlatforms) = postSolution
		{AC149EC6-1FBE-4439-8928-5D14C05C41F7}.Debug|Any CPU.ActiveCfg = Debug|Any CPU
		{AC149EC6-1FBE-4439-8928-5D14C05C41F7}.Debug|Any CPU.Build.0 = Debug|Any CPU
		{AC149EC6-1FBE-4439-8928-5D14C05C41F7}.Release|Any CPU.ActiveCfg = Release|Any CPU
		{AC149EC6-1FBE-4439-8928-5D14C05C41F7}.Release|Any CPU.Build.0 = Release|Any CPU
	EndGlobalSection
	GlobalSection(SolutionProperties) = preSolution
		HideSolutionNode = FALSE
	EndGlobalSection
	GlobalSection(ExtensibilityGlobals) = postSolution
		SolutionGuid = {65238807-05AC-4854-BB1D-A5B16BB1E409}
	EndGlobalSection
EndGlobal
